
Microsoft Visual Studio Solution File, Format Version 12.00
# Visual Studio Version 17
VisualStudioVersion = 17.5.33502.453
MinimumVisualStudioVersion = 10.0.40219.1
Project("{FAE04EC0-301F-11D3-BF4B-00C04F79EFBC}") = "Caclculadora Simples (Console)", "Caclculadora Simples (Console)\Caclculadora Simples (Console).csproj", "{933A608D-B3C0-4928-9737-6BA08E33773D}"
EndProject
Global
	GlobalSection(SolutionConfigurationPlatforms) = preSolution
		Debug|Any CPU = Debug|Any CPU
		Release|Any CPU = Release|Any CPU
	EndGlobalSection
	GlobalSection(ProjectConfigurationPlatforms) = postSolution
		{933A608D-B3C0-4928-9737-6BA08E33773D}.Debug|Any CPU.ActiveCfg = Debug|Any CPU
		{933A608D-B3C0-4928-9737-6BA08E33773D}.Debug|Any CPU.Build.0 = Debug|Any CPU
		{933A608D-B3C0-4928-9737-6BA08E33773D}.Release|Any CPU.ActiveCfg = Release|Any CPU
		{933A608D-B3C0-4928-9737-6BA08E33773D}.Release|Any CPU.Build.0 = Release|Any CPU
	EndGlobalSection
	GlobalSection(SolutionProperties) = preSolution
		HideSolutionNode = FALSE
	EndGlobalSection
	GlobalSection(ExtensibilityGlobals) = postSolution
		SolutionGuid = {D52783FE-583D-4040-87F5-B8D897429E5A}
	EndGlobalSection
EndGlobal
